
Microsoft Visual Studio Solution File, Format Version 12.00
# Visual Studio 14
VisualStudioVersion = 14.0.25123.0
MinimumVisualStudioVersion = 10.0.40219.1
Project("{FAE04EC0-301F-11D3-BF4B-00C04F79EFBC}") = "Portfolio", "Portfolio\Portfolio.csproj", "{00D93543-C9C7-4CCD-A392-8EA15C854BAF}"
EndProject
Global
	GlobalSection(SolutionConfigurationPlatforms) = preSolution
		Debug|Any CPU = Debug|Any CPU
		Release|Any CPU = Release|Any CPU
	EndGlobalSection
	GlobalSection(ProjectConfigurationPlatforms) = postSolution
		{00D93543-C9C7-4CCD-A392-8EA15C854BAF}.Debug|Any CPU.ActiveCfg = Debug|Any CPU
		{00D93543-C9C7-4CCD-A392-8EA15C854BAF}.Debug|Any CPU.Build.0 = Debug|Any CPU
		{00D93543-C9C7-4CCD-A392-8EA15C854BAF}.Release|Any CPU.ActiveCfg = Release|Any CPU
		{00D93543-C9C7-4CCD-A392-8EA15C854BAF}.Release|Any CPU.Build.0 = Release|Any CPU
	EndGlobalSection
	GlobalSection(SolutionProperties) = preSolution
		HideSolutionNode = FALSE
	EndGlobalSection
EndGlobal
